
Microsoft Visual Studio Solution File, Format Version 12.00
# Visual Studio Version 16
VisualStudioVersion = 16.0.31911.196
MinimumVisualStudioVersion = 10.0.40219.1
Project("{FAE04EC0-301F-11D3-BF4B-00C04F79EFBC}") = "Entidades", "Entidades\Entidades.csproj", "{F582FC77-FE25-4FF1-ACE9-CB19F152D47F}"
EndProject
Project("{2150E333-8FDC-42A3-9474-1A3956D46DE8}") = "1- APIs", "1- APIs", "{4724CB3C-15BF-4AD3-8D6C-40B10DD9EF83}"
EndProject
Project("{2150E333-8FDC-42A3-9474-1A3956D46DE8}") = "2- Aplicação", "2- Aplicação", "{000F7BC7-2FAA-467F-9DB5-033D30391E21}"
EndProject
Project("{2150E333-8FDC-42A3-9474-1A3956D46DE8}") = "3- Dominio", "3- Dominio", "{E444BDF7-2815-41DC-8E04-AE16B32D89DB}"
EndProject
Project("{2150E333-8FDC-42A3-9474-1A3956D46DE8}") = "4- Infraestrutura", "4- Infraestrutura", "{872A4926-E217-4C7C-891A-6DA9A11459EE}"
EndProject
Project("{2150E333-8FDC-42A3-9474-1A3956D46DE8}") = "5- Entidades", "5- Entidades", "{4619EAFC-64A3-4E11-9448-47DA3351A3F0}"
EndProject
Project("{FAE04EC0-301F-11D3-BF4B-00C04F79EFBC}") = "Infraestrutura", "Infraestrutura\Infraestrutura.csproj", "{C4AC3681-5651-4429-A401-707EE05CE1C4}"
EndProject
Project("{FAE04EC0-301F-11D3-BF4B-00C04F79EFBC}") = "Dominio", "Dominio\Dominio.csproj", "{147AC8E3-EDCA-4430-8C2B-32059ACA41C9}"
EndProject
Project("{FAE04EC0-301F-11D3-BF4B-00C04F79EFBC}") = "Aplicacao", "Aplicacao\Aplicacao.csproj", "{7E6E162D-3F2E-4E78-B024-83D4E2365E5D}"
EndProject
Project("{FAE04EC0-301F-11D3-BF4B-00C04F79EFBC}") = "WebAPI", "WebAPI\WebAPI.csproj", "{61D4381A-2321-42DB-B0A5-CF9833C91AD3}"
EndProject
Global
	GlobalSection(SolutionConfigurationPlatforms) = preSolution
		Debug|Any CPU = Debug|Any CPU
		Release|Any CPU = Release|Any CPU
	EndGlobalSection
	GlobalSection(ProjectConfigurationPlatforms) = postSolution
		{F582FC77-FE25-4FF1-ACE9-CB19F152D47F}.Debug|Any CPU.ActiveCfg = Debug|Any CPU
		{F582FC77-FE25-4FF1-ACE9-CB19F152D47F}.Debug|Any CPU.Build.0 = Debug|Any CPU
		{F582FC77-FE25-4FF1-ACE9-CB19F152D47F}.Release|Any CPU.ActiveCfg = Release|Any CPU
		{F582FC77-FE25-4FF1-ACE9-CB19F152D47F}.Release|Any CPU.Build.0 = Release|Any CPU
		{C4AC3681-5651-4429-A401-707EE05CE1C4}.Debug|Any CPU.ActiveCfg = Debug|Any CPU
		{C4AC3681-5651-4429-A401-707EE05CE1C4}.Debug|Any CPU.Build.0 = Debug|Any CPU
		{C4AC3681-5651-4429-A401-707EE05CE1C4}.Release|Any CPU.ActiveCfg = Release|Any CPU
		{C4AC3681-5651-4429-A401-707EE05CE1C4}.Release|Any CPU.Build.0 = Release|Any CPU
		{147AC8E3-EDCA-4430-8C2B-32059ACA41C9}.Debug|Any CPU.ActiveCfg = Debug|Any CPU
		{147AC8E3-EDCA-4430-8C2B-32059ACA41C9}.Debug|Any CPU.Build.0 = Debug|Any CPU
		{147AC8E3-EDCA-4430-8C2B-32059ACA41C9}.Release|Any CPU.ActiveCfg = Release|Any CPU
		{147AC8E3-EDCA-4430-8C2B-32059ACA41C9}.Release|Any CPU.Build.0 = Release|Any CPU
		{7E6E162D-3F2E-4E78-B024-83D4E2365E5D}.Debug|Any CPU.ActiveCfg = Debug|Any CPU
		{7E6E162D-3F2E-4E78-B024-83D4E2365E5D}.Debug|Any CPU.Build.0 = Debug|Any CPU
		{7E6E162D-3F2E-4E78-B024-83D4E2365E5D}.Release|Any CPU.ActiveCfg = Release|Any CPU
		{7E6E162D-3F2E-4E78-B024-83D4E2365E5D}.Release|Any CPU.Build.0 = Release|Any CPU
		{61D4381A-2321-42DB-B0A5-CF9833C91AD3}.Debug|Any CPU.ActiveCfg = Debug|Any CPU
		{61D4381A-2321-42DB-B0A5-CF9833C91AD3}.Debug|Any CPU.Build.0 = Debug|Any CPU
		{61D4381A-2321-42DB-B0A5-CF9833C91AD3}.Release|Any CPU.ActiveCfg = Release|Any CPU
		{61D4381A-2321-42DB-B0A5-CF9833C91AD3}.Release|Any CPU.Build.0 = Release|Any CPU
	EndGlobalSection
	GlobalSection(SolutionProperties) = preSolution
		HideSolutionNode = FALSE
	EndGlobalSection
	GlobalSection(NestedProjects) = preSolution
		{F582FC77-FE25-4FF1-ACE9-CB19F152D47F} = {4619EAFC-64A3-4E11-9448-47DA3351A3F0}
		{C4AC3681-5651-4429-A401-707EE05CE1C4} = {872A4926-E217-4C7C-891A-6DA9A11459EE}
		{147AC8E3-EDCA-4430-8C2B-32059ACA41C9} = {E444BDF7-2815-41DC-8E04-AE16B32D89DB}
		{7E6E162D-3F2E-4E78-B024-83D4E2365E5D} = {000F7BC7-2FAA-467F-9DB5-033D30391E21}
		{61D4381A-2321-42DB-B0A5-CF9833C91AD3} = {4724CB3C-15BF-4AD3-8D6C-40B10DD9EF83}
	EndGlobalSection
	GlobalSection(ExtensibilityGlobals) = postSolution
		SolutionGuid = {70D61546-D8FF-40BC-A66B-06220D25083C}
	EndGlobalSection
EndGlobal
